// !$*UTF8*$!
{
	archiveVersion = 1;
	classes = {
	};
	objectVersion = 51;
	objects = {

/* Begin PBXBuildFile section */
		3438DC9E26574C92000DA269 /* HijoViewController.swift in Sources */ = {isa = PBXBuildFile; fileRef = 3438DC9D26574C92000DA269 /* HijoViewController.swift */; };
		34B2712F2650A0FF0064DDA8 /* AppDelegate.swift in Sources */ = {isa = PBXBuildFile; fileRef = 34B2712E2650A0FF0064DDA8 /* AppDelegate.swift */; };
		34B271312650A0FF0064DDA8 /* SceneDelegate.swift in Sources */ = {isa = PBXBuildFile; fileRef = 34B271302650A0FF0064DDA8 /* SceneDelegate.swift */; };
		34B271362650A0FF0064DDA8 /* Main.storyboard in Resources */ = {isa = PBXBuildFile; fileRef = 34B271342650A0FF0064DDA8 /* Main.storyboard */; };
		34B271382650A1000064DDA8 /* Assets.xcassets in Resources */ = {isa = PBXBuildFile; fileRef = 34B271372650A1000064DDA8 /* Assets.xcassets */; };
		34B2713B2650A1000064DDA8 /* LaunchScreen.storyboard in Resources */ = {isa = PBXBuildFile; fileRef = 34B271392650A1000064DDA8 /* LaunchScreen.storyboard */; };
		34B271492650A2BB0064DDA8 /* CountriesVC.swift in Sources */ = {isa = PBXBuildFile; fileRef = 34B271482650A2BB0064DDA8 /* CountriesVC.swift */; };
		34B271502650A94A0064DDA8 /* CountriesTVCell.swift in Sources */ = {isa = PBXBuildFile; fileRef = 34B2714F2650A94A0064DDA8 /* CountriesTVCell.swift */; };
		34B271532650B58E0064DDA8 /* Country.swift in Sources */ = {isa = PBXBuildFile; fileRef = 34B271522650B58E0064DDA8 /* Country.swift */; };
		34B2716E26515BC00064DDA8 /* UIFont.swift in Sources */ = {isa = PBXBuildFile; fileRef = 34B2716D26515BC00064DDA8 /* UIFont.swift */; };
		34B2717426515C660064DDA8 /* KoHo-Bold.ttf in Resources */ = {isa = PBXBuildFile; fileRef = 34B2717326515C660064DDA8 /* KoHo-Bold.ttf */; };
		34B2717726515C720064DDA8 /* KoHo-Regular.ttf in Resources */ = {isa = PBXBuildFile; fileRef = 34B2717626515C720064DDA8 /* KoHo-Regular.ttf */; };
		34B2717A26515FCC0064DDA8 /* CountryDetailVC.swift in Sources */ = {isa = PBXBuildFile; fileRef = 34B2717926515FCC0064DDA8 /* CountryDetailVC.swift */; };
		34B2717D265163960064DDA8 /* UIView.swift in Sources */ = {isa = PBXBuildFile; fileRef = 34B2717C265163960064DDA8 /* UIView.swift */; };
		34B27182265183470064DDA8 /* Api.swift in Sources */ = {isa = PBXBuildFile; fileRef = 34B27181265183470064DDA8 /* Api.swift */; };
		34B27186265185DA0064DDA8 /* Server.swift in Sources */ = {isa = PBXBuildFile; fileRef = 34B27185265185DA0064DDA8 /* Server.swift */; };
		B2EF24E1740EC6885786D883 /* Pods_StellaTest.framework in Frameworks */ = {isa = PBXBuildFile; fileRef = 67B8B39649161D5F1C2A63B8 /* Pods_StellaTest.framework */; };
/* End PBXBuildFile section */

/* Begin PBXFileReference section */
		3438DC9D26574C92000DA269 /* HijoViewController.swift */ = {isa = PBXFileReference; lastKnownFileType = sourcecode.swift; path = HijoViewController.swift; sourceTree = "<group>"; };
		34B2712B2650A0FF0064DDA8 /* StellaTest.app */ = {isa = PBXFileReference; explicitFileType = wrapper.application; includeInIndex = 0; path = StellaTest.app; sourceTree = BUILT_PRODUCTS_DIR; };
		34B2712E2650A0FF0064DDA8 /* AppDelegate.swift */ = {isa = PBXFileReference; lastKnownFileType = sourcecode.swift; path = AppDelegate.swift; sourceTree = "<group>"; };
		34B271302650A0FF0064DDA8 /* SceneDelegate.swift */ = {isa = PBXFileReference; lastKnownFileType = sourcecode.swift; path = SceneDelegate.swift; sourceTree = "<group>"; };
		34B271352650A0FF0064DDA8 /* Base */ = {isa = PBXFileReference; lastKnownFileType = file.storyboard; name = Base; path = Base.lproj/Main.storyboard; sourceTree = "<group>"; };
		34B271372650A1000064DDA8 /* Assets.xcassets */ = {isa = PBXFileReference; lastKnownFileType = folder.assetcatalog; path = Assets.xcassets; sourceTree = "<group>"; };
		34B2713A2650A1000064DDA8 /* Base */ = {isa = PBXFileReference; lastKnownFileType = file.storyboard; name = Base; path = Base.lproj/LaunchScreen.storyboard; sourceTree = "<group>"; };
		34B2713C2650A1000064DDA8 /* Info.plist */ = {isa = PBXFileReference; lastKnownFileType = text.plist.xml; path = Info.plist; sourceTree = "<group>"; };
		34B271482650A2BB0064DDA8 /* CountriesVC.swift */ = {isa = PBXFileReference; lastKnownFileType = sourcecode.swift; path = CountriesVC.swift; sourceTree = "<group>"; };
		34B2714F2650A94A0064DDA8 /* CountriesTVCell.swift */ = {isa = PBXFileReference; lastKnownFileType = sourcecode.swift; path = CountriesTVCell.swift; sourceTree = "<group>"; };
		34B271522650B58E0064DDA8 /* Country.swift */ = {isa = PBXFileReference; lastKnownFileType = sourcecode.swift; path = Country.swift; sourceTree = "<group>"; };
		34B2716D26515BC00064DDA8 /* UIFont.swift */ = {isa = PBXFileReference; lastKnownFileType = sourcecode.swift; path = UIFont.swift; sourceTree = "<group>"; };
		34B2717326515C660064DDA8 /* KoHo-Bold.ttf */ = {isa = PBXFileReference; lastKnownFileType = file; path = "KoHo-Bold.ttf"; sourceTree = "<group>"; };
		34B2717626515C720064DDA8 /* KoHo-Regular.ttf */ = {isa = PBXFileReference; lastKnownFileType = file; path = "KoHo-Regular.ttf"; sourceTree = "<group>"; };
		34B2717926515FCC0064DDA8 /* CountryDetailVC.swift */ = {isa = PBXFileReference; lastKnownFileType = sourcecode.swift; path = CountryDetailVC.swift; sourceTree = "<group>"; };
		34B2717C265163960064DDA8 /* UIView.swift */ = {isa = PBXFileReference; lastKnownFileType = sourcecode.swift; path = UIView.swift; sourceTree = "<group>"; };
		34B27181265183470064DDA8 /* Api.swift */ = {isa = PBXFileReference; lastKnownFileType = sourcecode.swift; path = Api.swift; sourceTree = "<group>"; };
		34B27185265185DA0064DDA8 /* Server.swift */ = {isa = PBXFileReference; lastKnownFileType = sourcecode.swift; path = Server.swift; sourceTree = "<group>"; };
		67B8B39649161D5F1C2A63B8 /* Pods_StellaTest.framework */ = {isa = PBXFileReference; explicitFileType = wrapper.framework; includeInIndex = 0; path = Pods_StellaTest.framework; sourceTree = BUILT_PRODUCTS_DIR; };
		95176F276EF8B1C2C843CAA5 /* Pods-StellaTest.debug.xcconfig */ = {isa = PBXFileReference; includeInIndex = 1; lastKnownFileType = text.xcconfig; name = "Pods-StellaTest.debug.xcconfig"; path = "Target Support Files/Pods-StellaTest/Pods-StellaTest.debug.xcconfig"; sourceTree = "<group>"; };
		C340D643F40A2E85CF3B972A /* Pods-StellaTest.release.xcconfig */ = {isa = PBXFileReference; includeInIndex = 1; lastKnownFileType = text.xcconfig; name = "Pods-StellaTest.release.xcconfig"; path = "Target Support Files/Pods-StellaTest/Pods-StellaTest.release.xcconfig"; sourceTree = "<group>"; };
/* End PBXFileReference section */

/* Begin PBXFrameworksBuildPhase section */
		34B271282650A0FF0064DDA8 /* Frameworks */ = {
			isa = PBXFrameworksBuildPhase;
			buildActionMask = 2147483647;
			files = (
				B2EF24E1740EC6885786D883 /* Pods_StellaTest.framework in Frameworks */,
			);
			runOnlyForDeploymentPostprocessing = 0;
		};
/* End PBXFrameworksBuildPhase section */

/* Begin PBXGroup section */
		28A1BFFC7258397F75D2313A /* Frameworks */ = {
			isa = PBXGroup;
			children = (
				67B8B39649161D5F1C2A63B8 /* Pods_StellaTest.framework */,
			);
			name = Frameworks;
			sourceTree = "<group>";
		};
		34B271222650A0FF0064DDA8 = {
			isa = PBXGroup;
			children = (
				34B2712D2650A0FF0064DDA8 /* StellaTest */,
				34B2712C2650A0FF0064DDA8 /* Products */,
				EE2FB54DD205C2B0E153DF5D /* Pods */,
				28A1BFFC7258397F75D2313A /* Frameworks */,
			);
			sourceTree = "<group>";
		};
		34B2712C2650A0FF0064DDA8 /* Products */ = {
			isa = PBXGroup;
			children = (
				34B2712B2650A0FF0064DDA8 /* StellaTest.app */,
			);
			name = Products;
			sourceTree = "<group>";
		};
		34B2712D2650A0FF0064DDA8 /* StellaTest */ = {
			isa = PBXGroup;
			children = (
				34B27184265185440064DDA8 /* Server */,
				34B27180265183000064DDA8 /* API */,
				34B2717026515C3B0064DDA8 /* Resources */,
				34B271612650CD770064DDA8 /* Utils */,
				34B271452650A1530064DDA8 /* Controllers */,
				34B271442650A1480064DDA8 /* Views */,
				34B271432650A13C0064DDA8 /* Models */,
				34B2712E2650A0FF0064DDA8 /* AppDelegate.swift */,
				34B271302650A0FF0064DDA8 /* SceneDelegate.swift */,
				34B271342650A0FF0064DDA8 /* Main.storyboard */,
				34B271372650A1000064DDA8 /* Assets.xcassets */,
				34B271392650A1000064DDA8 /* LaunchScreen.storyboard */,
				34B2713C2650A1000064DDA8 /* Info.plist */,
			);
			path = StellaTest;
			sourceTree = "<group>";
		};
		34B271432650A13C0064DDA8 /* Models */ = {
			isa = PBXGroup;
			children = (
				34B271522650B58E0064DDA8 /* Country.swift */,
			);
			path = Models;
			sourceTree = "<group>";
		};
		34B271442650A1480064DDA8 /* Views */ = {
			isa = PBXGroup;
			children = (
				34B2714F2650A94A0064DDA8 /* CountriesTVCell.swift */,
			);
			path = Views;
			sourceTree = "<group>";
		};
		34B271452650A1530064DDA8 /* Controllers */ = {
			isa = PBXGroup;
			children = (
				34B271482650A2BB0064DDA8 /* CountriesVC.swift */,
				34B2717926515FCC0064DDA8 /* CountryDetailVC.swift */,
				3438DC9D26574C92000DA269 /* HijoViewController.swift */,
			);
			path = Controllers;
			sourceTree = "<group>";
		};
		34B271612650CD770064DDA8 /* Utils */ = {
			isa = PBXGroup;
			children = (
				34B2716D26515BC00064DDA8 /* UIFont.swift */,
				34B2717C265163960064DDA8 /* UIView.swift */,
			);
			path = Utils;
			sourceTree = "<group>";
		};
		34B2717026515C3B0064DDA8 /* Resources */ = {
			isa = PBXGroup;
			children = (
				34B2717126515C440064DDA8 /* Fonts */,
			);
			path = Resources;
			sourceTree = "<group>";
		};
		34B2717126515C440064DDA8 /* Fonts */ = {
			isa = PBXGroup;
			children = (
				34B2717226515C510064DDA8 /* KoHo */,
			);
			path = Fonts;
			sourceTree = "<group>";
		};
		34B2717226515C510064DDA8 /* KoHo */ = {
			isa = PBXGroup;
			children = (
				34B2717626515C720064DDA8 /* KoHo-Regular.ttf */,
				34B2717326515C660064DDA8 /* KoHo-Bold.ttf */,
			);
			path = KoHo;
			sourceTree = "<group>";
		};
		34B27180265183000064DDA8 /* API */ = {
			isa = PBXGroup;
			children = (
				34B27181265183470064DDA8 /* Api.swift */,
			);
			path = API;
			sourceTree = "<group>";
		};
		34B27184265185440064DDA8 /* Server */ = {
			isa = PBXGroup;
			children = (
				34B27185265185DA0064DDA8 /* Server.swift */,
			);
			path = Server;
			sourceTree = "<group>";
		};
		EE2FB54DD205C2B0E153DF5D /* Pods */ = {
			isa = PBXGroup;
			children = (
				95176F276EF8B1C2C843CAA5 /* Pods-StellaTest.debug.xcconfig */,
				C340D643F40A2E85CF3B972A /* Pods-StellaTest.release.xcconfig */,
			);
			path = Pods;
			sourceTree = "<group>";
		};
/* End PBXGroup section */

/* Begin PBXNativeTarget section */
		34B2712A2650A0FF0064DDA8 /* StellaTest */ = {
			isa = PBXNativeTarget;
			buildConfigurationList = 34B2713F2650A1000064DDA8 /* Build configuration list for PBXNativeTarget "StellaTest" */;
			buildPhases = (
				B63F788D542D80E9BD01684B /* [CP] Check Pods Manifest.lock */,
				34B271272650A0FF0064DDA8 /* Sources */,
				34B271282650A0FF0064DDA8 /* Frameworks */,
				34B271292650A0FF0064DDA8 /* Resources */,
				4B124D10A203FFEC7DAD7F5E /* [CP] Embed Pods Frameworks */,
			);
			buildRules = (
			);
			dependencies = (
			);
			name = StellaTest;
			productName = StellaTest;
			productReference = 34B2712B2650A0FF0064DDA8 /* StellaTest.app */;
			productType = "com.apple.product-type.application";
		};
/* End PBXNativeTarget section */

/* Begin PBXProject section */
		34B271232650A0FF0064DDA8 /* Project object */ = {
			isa = PBXProject;
			attributes = {
				LastSwiftUpdateCheck = 1200;
				LastUpgradeCheck = 1200;
				TargetAttributes = {
					34B2712A2650A0FF0064DDA8 = {
						CreatedOnToolsVersion = 12.0.1;
					};
				};
			};
			buildConfigurationList = 34B271262650A0FF0064DDA8 /* Build configuration list for PBXProject "StellaTest" */;
			compatibilityVersion = "Xcode 9.3";
			developmentRegion = en;
			hasScannedForEncodings = 0;
			knownRegions = (
				en,
				Base,
			);
			mainGroup = 34B271222650A0FF0064DDA8;
			productRefGroup = 34B2712C2650A0FF0064DDA8 /* Products */;
			projectDirPath = "";
			projectRoot = "";
			targets = (
				34B2712A2650A0FF0064DDA8 /* StellaTest */,
			);
		};
/* End PBXProject section */

/* Begin PBXResourcesBuildPhase section */
		34B271292650A0FF0064DDA8 /* Resources */ = {
			isa = PBXResourcesBuildPhase;
			buildActionMask = 2147483647;
			files = (
				34B2717426515C660064DDA8 /* KoHo-Bold.ttf in Resources */,
				34B2717726515C720064DDA8 /* KoHo-Regular.ttf in Resources */,
				34B2713B2650A1000064DDA8 /* LaunchScreen.storyboard in Resources */,
				34B271382650A1000064DDA8 /* Assets.xcassets in Resources */,
				34B271362650A0FF0064DDA8 /* Main.storyboard in Resources */,
			);
			runOnlyForDeploymentPostprocessing = 0;
		};
/* End PBXResourcesBuildPhase section */

/* Begin PBXShellScriptBuildPhase section */
		4B124D10A203FFEC7DAD7F5E /* [CP] Embed Pods Frameworks */ = {
			isa = PBXShellScriptBuildPhase;
			buildActionMask = 2147483647;
			files = (
			);
			inputFileListPaths = (
				"${PODS_ROOT}/Target Support Files/Pods-StellaTest/Pods-StellaTest-frameworks-${CONFIGURATION}-input-files.xcfilelist",
			);
			name = "[CP] Embed Pods Frameworks";
			outputFileListPaths = (
				"${PODS_ROOT}/Target Support Files/Pods-StellaTest/Pods-StellaTest-frameworks-${CONFIGURATION}-output-files.xcfilelist",
			);
			runOnlyForDeploymentPostprocessing = 0;
			shellPath = /bin/sh;
			shellScript = "\"${PODS_ROOT}/Target Support Files/Pods-StellaTest/Pods-StellaTest-frameworks.sh\"\n";
			showEnvVarsInLog = 0;
		};
		B63F788D542D80E9BD01684B /* [CP] Check Pods Manifest.lock */ = {
			isa = PBXShellScriptBuildPhase;
			buildActionMask = 2147483647;
			files = (
			);
			inputFileListPaths = (
			);
			inputPaths = (
				"${PODS_PODFILE_DIR_PATH}/Podfile.lock",
				"${PODS_ROOT}/Manifest.lock",
			);
			name = "[CP] Check Pods Manifest.lock";
			outputFileListPaths = (
			);
			outputPaths = (
				"$(DERIVED_FILE_DIR)/Pods-StellaTest-checkManifestLockResult.txt",
			);
			runOnlyForDeploymentPostprocessing = 0;
			shellPath = /bin/sh;
			shellScript = "diff \"${PODS_PODFILE_DIR_PATH}/Podfile.lock\" \"${PODS_ROOT}/Manifest.lock\" > /dev/null\nif [ $? != 0 ] ; then\n    # print error to STDERR\n    echo \"error: The sandbox is not in sync with the Podfile.lock. Run 'pod install' or update your CocoaPods installation.\" >&2\n    exit 1\nfi\n# This output is used by Xcode 'outputs' to avoid re-running this script phase.\necho \"SUCCESS\" > \"${SCRIPT_OUTPUT_FILE_0}\"\n";
			showEnvVarsInLog = 0;
		};
/* End PBXShellScriptBuildPhase section */

/* Begin PBXSourcesBuildPhase section */
		34B271272650A0FF0064DDA8 /* Sources */ = {
			isa = PBXSourcesBuildPhase;
			buildActionMask = 2147483647;
			files = (
				34B27186265185DA0064DDA8 /* Server.swift in Sources */,
				34B27182265183470064DDA8 /* Api.swift in Sources */,
				34B2717A26515FCC0064DDA8 /* CountryDetailVC.swift in Sources */,
				34B271492650A2BB0064DDA8 /* CountriesVC.swift in Sources */,
				3438DC9E26574C92000DA269 /* HijoViewController.swift in Sources */,
				34B2712F2650A0FF0064DDA8 /* AppDelegate.swift in Sources */,
				34B2716E26515BC00064DDA8 /* UIFont.swift in Sources */,
				34B271502650A94A0064DDA8 /* CountriesTVCell.swift in Sources */,
				34B271532650B58E0064DDA8 /* Country.swift in Sources */,
				34B2717D265163960064DDA8 /* UIView.swift in Sources */,
				34B271312650A0FF0064DDA8 /* SceneDelegate.swift in Sources */,
			);
			runOnlyForDeploymentPostprocessing = 0;
		};
/* End PBXSourcesBuildPhase section */

/* Begin PBXVariantGroup section */
		34B271342650A0FF0064DDA8 /* Main.storyboard */ = {
			isa = PBXVariantGroup;
			children = (
				34B271352650A0FF0064DDA8 /* Base */,
			);
			name = Main.storyboard;
			sourceTree = "<group>";
		};
		34B271392650A1000064DDA8 /* LaunchScreen.storyboard */ = {
			isa = PBXVariantGroup;
			children = (
				34B2713A2650A1000064DDA8 /* Base */,
			);
			name = LaunchScreen.storyboard;
			sourceTree = "<group>";
		};
/* End PBXVariantGroup section */

/* Begin XCBuildConfiguration section */
		34B2713D2650A1000064DDA8 /* Debug */ = {
			isa = XCBuildConfiguration;
			buildSettings = {
				ALWAYS_SEARCH_USER_PATHS = NO;
				CLANG_ANALYZER_NONNULL = YES;
				CLANG_ANALYZER_NUMBER_OBJECT_CONVERSION = YES_AGGRESSIVE;
				CLANG_CXX_LANGUAGE_STANDARD = "gnu++14";
				CLANG_CXX_LIBRARY = "libc++";
				CLANG_ENABLE_MODULES = YES;
				CLANG_ENABLE_OBJC_ARC = YES;
				CLANG_ENABLE_OBJC_WEAK = YES;
				CLANG_WARN_BLOCK_CAPTURE_AUTORELEASING = YES;
				CLANG_WARN_BOOL_CONVERSION = YES;
				CLANG_WARN_COMMA = YES;
				CLANG_WARN_CONSTANT_CONVERSION = YES;
				CLANG_WARN_DEPRECATED_OBJC_IMPLEMENTATIONS = YES;
				CLANG_WARN_DIRECT_OBJC_ISA_USAGE = YES_ERROR;
				CLANG_WARN_DOCUMENTATION_COMMENTS = YES;
				CLANG_WARN_EMPTY_BODY = YES;
				CLANG_WARN_ENUM_CONVERSION = YES;
				CLANG_WARN_INFINITE_RECURSION = YES;
				CLANG_WARN_INT_CONVERSION = YES;
				CLANG_WARN_NON_LITERAL_NULL_CONVERSION = YES;
				CLANG_WARN_OBJC_IMPLICIT_RETAIN_SELF = YES;
				CLANG_WARN_OBJC_LITERAL_CONVERSION = YES;
				CLANG_WARN_OBJC_ROOT_CLASS = YES_ERROR;
				CLANG_WARN_QUOTED_INCLUDE_IN_FRAMEWORK_HEADER = YES;
				CLANG_WARN_RANGE_LOOP_ANALYSIS = YES;
				CLANG_WARN_STRICT_PROTOTYPES = YES;
				CLANG_WARN_SUSPICIOUS_MOVE = YES;
				CLANG_WARN_UNGUARDED_AVAILABILITY = YES_AGGRESSIVE;
				CLANG_WARN_UNREACHABLE_CODE = YES;
				CLANG_WARN__DUPLICATE_METHOD_MATCH = YES;
				COPY_PHASE_STRIP = NO;
				DEBUG_INFORMATION_FORMAT = dwarf;
				ENABLE_STRICT_OBJC_MSGSEND = YES;
				ENABLE_TESTABILITY = YES;
				GCC_C_LANGUAGE_STANDARD = gnu11;
				GCC_DYNAMIC_NO_PIC = NO;
				GCC_NO_COMMON_BLOCKS = YES;
				GCC_OPTIMIZATION_LEVEL = 0;
				GCC_PREPROCESSOR_DEFINITIONS = (
					"DEBUG=1",
					"$(inherited)",
				);
				GCC_WARN_64_TO_32_BIT_CONVERSION = YES;
				GCC_WARN_ABOUT_RETURN_TYPE = YES_ERROR;
				GCC_WARN_UNDECLARED_SELECTOR = YES;
				GCC_WARN_UNINITIALIZED_AUTOS = YES_AGGRESSIVE;
				GCC_WARN_UNUSED_FUNCTION = YES;
				GCC_WARN_UNUSED_VARIABLE = YES;
				IPHONEOS_DEPLOYMENT_TARGET = 14.0;
				MTL_ENABLE_DEBUG_INFO = INCLUDE_SOURCE;
				MTL_FAST_MATH = YES;
				ONLY_ACTIVE_ARCH = YES;
				SDKROOT = iphoneos;
				SWIFT_ACTIVE_COMPILATION_CONDITIONS = DEBUG;
				SWIFT_OPTIMIZATION_LEVEL = "-Onone";
			};
			name = Debug;
		};
		34B2713E2650A1000064DDA8 /* Release */ = {
			isa = XCBuildConfiguration;
			buildSettings = {
				ALWAYS_SEARCH_USER_PATHS = NO;
				CLANG_ANALYZER_NONNULL = YES;
				CLANG_ANALYZER_NUMBER_OBJECT_CONVERSION = YES_AGGRESSIVE;
				CLANG_CXX_LANGUAGE_STANDARD = "gnu++14";
				CLANG_CXX_LIBRARY = "libc++";
				CLANG_ENABLE_MODULES = YES;
				CLANG_ENABLE_OBJC_ARC = YES;
				CLANG_ENABLE_OBJC_WEAK = YES;
				CLANG_WARN_BLOCK_CAPTURE_AUTORELEASING = YES;
				CLANG_WARN_BOOL_CONVERSION = YES;
				CLANG_WARN_COMMA = YES;
				CLANG_WARN_CONSTANT_CONVERSION = YES;
				CLANG_WARN_DEPRECATED_OBJC_IMPLEMENTATIONS = YES;
				CLANG_WARN_DIRECT_OBJC_ISA_USAGE = YES_ERROR;
				CLANG_WARN_DOCUMENTATION_COMMENTS = YES;
				CLANG_WARN_EMPTY_BODY = YES;
				CLANG_WARN_ENUM_CONVERSION = YES;
				CLANG_WARN_INFINITE_RECURSION = YES;
				CLANG_WARN_INT_CONVERSION = YES;
				CLANG_WARN_NON_LITERAL_NULL_CONVERSION = YES;
				CLANG_WARN_OBJC_IMPLICIT_RETAIN_SELF = YES;
				CLANG_WARN_OBJC_LITERAL_CONVERSION = YES;
				CLANG_WARN_OBJC_ROOT_CLASS = YES_ERROR;
				CLANG_WARN_QUOTED_INCLUDE_IN_FRAMEWORK_HEADER = YES;
				CLANG_WARN_RANGE_LOOP_ANALYSIS = YES;
				CLANG_WARN_STRICT_PROTOTYPES = YES;
				CLANG_WARN_SUSPICIOUS_MOVE = YES;
				CLANG_WARN_UNGUARDED_AVAILABILITY = YES_AGGRESSIVE;
				CLANG_WARN_UNREACHABLE_CODE = YES;
				CLANG_WARN__DUPLICATE_METHOD_MATCH = YES;
				COPY_PHASE_STRIP = NO;
				DEBUG_INFORMATION_FORMAT = "dwarf-with-dsym";
				ENABLE_NS_ASSERTIONS = NO;
				ENABLE_STRICT_OBJC_MSGSEND = YES;
				GCC_C_LANGUAGE_STANDARD = gnu11;
				GCC_NO_COMMON_BLOCKS = YES;
				GCC_WARN_64_TO_32_BIT_CONVERSION = YES;
				GCC_WARN_ABOUT_RETURN_TYPE = YES_ERROR;
				GCC_WARN_UNDECLARED_SELECTOR = YES;
				GCC_WARN_UNINITIALIZED_AUTOS = YES_AGGRESSIVE;
				GCC_WARN_UNUSED_FUNCTION = YES;
				GCC_WARN_UNUSED_VARIABLE = YES;
				IPHONEOS_DEPLOYMENT_TARGET = 14.0;
				MTL_ENABLE_DEBUG_INFO = NO;
				MTL_FAST_MATH = YES;
				SDKROOT = iphoneos;
				SWIFT_COMPILATION_MODE = wholemodule;
				SWIFT_OPTIMIZATION_LEVEL = "-O";
				VALIDATE_PRODUCT = YES;
			};
			name = Release;
		};
		34B271402650A1000064DDA8 /* Debug */ = {
			isa = XCBuildConfiguration;
			baseConfigurationReference = 95176F276EF8B1C2C843CAA5 /* Pods-StellaTest.debug.xcconfig */;
			buildSettings = {
				ASSETCATALOG_COMPILER_APPICON_NAME = AppIcon;
				ASSETCATALOG_COMPILER_GLOBAL_ACCENT_COLOR_NAME = AccentColor;
				CODE_SIGN_STYLE = Automatic;
				DEVELOPMENT_TEAM = D6DFT26Z5V;
				INFOPLIST_FILE = StellaTest/Info.plist;
				LD_RUNPATH_SEARCH_PATHS = (
					"$(inherited)",
					"@executable_path/Frameworks",
				);
				PRODUCT_BUNDLE_IDENTIFIER = com.eduardo.StellaTest;
				PRODUCT_NAME = "$(TARGET_NAME)";
				SWIFT_VERSION = 5.0;
				TARGETED_DEVICE_FAMILY = "1,2";
			};
			name = Debug;
		};
		34B271412650A1000064DDA8 /* Release */ = {
			isa = XCBuildConfiguration;
			baseConfigurationReference = C340D643F40A2E85CF3B972A /* Pods-StellaTest.release.xcconfig */;
			buildSettings = {
				ASSETCATALOG_COMPILER_APPICON_NAME = AppIcon;
				ASSETCATALOG_COMPILER_GLOBAL_ACCENT_COLOR_NAME = AccentColor;
				CODE_SIGN_STYLE = Automatic;
				DEVELOPMENT_TEAM = D6DFT26Z5V;
				INFOPLIST_FILE = StellaTest/Info.plist;
				LD_RUNPATH_SEARCH_PATHS = (
					"$(inherited)",
					"@executable_path/Frameworks",
				);
				PRODUCT_BUNDLE_IDENTIFIER = com.eduardo.StellaTest;
				PRODUCT_NAME = "$(TARGET_NAME)";
				SWIFT_VERSION = 5.0;
				TARGETED_DEVICE_FAMILY = "1,2";
			};
			name = Release;
		};
/* End XCBuildConfiguration section */

/* Begin XCConfigurationList section */
		34B271262650A0FF0064DDA8 /* Build configuration list for PBXProject "StellaTest" */ = {
			isa = XCConfigurationList;
			buildConfigurations = (
				34B2713D2650A1000064DDA8 /* Debug */,
				34B2713E2650A1000064DDA8 /* Release */,
			);
			defaultConfigurationIsVisible = 0;
			defaultConfigurationName = Release;
		};
		34B2713F2650A1000064DDA8 /* Build configuration list for PBXNativeTarget "StellaTest" */ = {
			isa = XCConfigurationList;
			buildConfigurations = (
				34B271402650A1000064DDA8 /* Debug */,
				34B271412650A1000064DDA8 /* Release */,
			);
			defaultConfigurationIsVisible = 0;
			defaultConfigurationName = Release;
		};
/* End XCConfigurationList section */
	};
	rootObject = 34B271232650A0FF0064DDA8 /* Project object */;
}
